
Microsoft Visual Studio Solution File, Format Version 12.00
# Visual Studio Version 17
VisualStudioVersion = 17.10.35004.147
MinimumVisualStudioVersion = 10.0.40219.1
Project("{8BC9CEB8-8B4A-11D0-8D11-00A0C91BC942}") = "Task_Suplimentar05", "Task_Suplimentar05.vcxproj", "{D5364AAE-83FC-471E-8C20-E98874CBC3A8}"
EndProject
Global
	GlobalSection(SolutionConfigurationPlatforms) = preSolution
		Debug|x64 = Debug|x64
		Debug|x86 = Debug|x86
		Release|x64 = Release|x64
		Release|x86 = Release|x86
	EndGlobalSection
	GlobalSection(ProjectConfigurationPlatforms) = postSolution
		{D5364AAE-83FC-471E-8C20-E98874CBC3A8}.Debug|x64.ActiveCfg = Debug|x64
		{D5364AAE-83FC-471E-8C20-E98874CBC3A8}.Debug|x64.Build.0 = Debug|x64
		{D5364AAE-83FC-471E-8C20-E98874CBC3A8}.Debug|x86.ActiveCfg = Debug|Win32
		{D5364AAE-83FC-471E-8C20-E98874CBC3A8}.Debug|x86.Build.0 = Debug|Win32
		{D5364AAE-83FC-471E-8C20-E98874CBC3A8}.Release|x64.ActiveCfg = Release|x64
		{D5364AAE-83FC-471E-8C20-E98874CBC3A8}.Release|x64.Build.0 = Release|x64
		{D5364AAE-83FC-471E-8C20-E98874CBC3A8}.Release|x86.ActiveCfg = Release|Win32
		{D5364AAE-83FC-471E-8C20-E98874CBC3A8}.Release|x86.Build.0 = Release|Win32
	EndGlobalSection
	GlobalSection(SolutionProperties) = preSolution
		HideSolutionNode = FALSE
	EndGlobalSection
	GlobalSection(ExtensibilityGlobals) = postSolution
		SolutionGuid = {50A9D9CC-DB83-45CC-80F3-993CE4AD91FE}
	EndGlobalSection
EndGlobal
